
Microsoft Visual Studio Solution File, Format Version 12.00
# Visual Studio Version 17
VisualStudioVersion = 17.13.35828.75 d17.13
MinimumVisualStudioVersion = 10.0.40219.1
Project("{FAE04EC0-301F-11D3-BF4B-00C04F79EFBC}") = "MinhaApp.Dominio", "MinhaApp.Dominio\MinhaApp.Dominio.csproj", "{FD704DD6-3AB2-45BA-A65A-487E875BB3B7}"
EndProject
Project("{FAE04EC0-301F-11D3-BF4B-00C04F79EFBC}") = "MinhaApp.Repositorio", "MinhaApp.Repositorio\MinhaApp.Repositorio.csproj", "{6EEDE9BD-AC26-4C20-8ED8-DE8C0001B9A5}"
EndProject
Project("{FAE04EC0-301F-11D3-BF4B-00C04F79EFBC}") = "MinhaApp.Servico", "MinhaApp.Servico\MinhaApp.Servico.csproj", "{B8136A43-C802-4085-BAF4-EC28EE684D36}"
EndProject
Project("{FAE04EC0-301F-11D3-BF4B-00C04F79EFBC}") = "MinhaApp.WebApi", "MinhaApp.WebApi\MinhaApp.WebApi.csproj", "{02819666-1A9F-43F0-BDEE-16E4D0A88DAB}"
EndProject
Global
	GlobalSection(SolutionConfigurationPlatforms) = preSolution
		Debug|Any CPU = Debug|Any CPU
		Release|Any CPU = Release|Any CPU
	EndGlobalSection
	GlobalSection(ProjectConfigurationPlatforms) = postSolution
		{FD704DD6-3AB2-45BA-A65A-487E875BB3B7}.Debug|Any CPU.ActiveCfg = Debug|Any CPU
		{FD704DD6-3AB2-45BA-A65A-487E875BB3B7}.Debug|Any CPU.Build.0 = Debug|Any CPU
		{FD704DD6-3AB2-45BA-A65A-487E875BB3B7}.Release|Any CPU.ActiveCfg = Release|Any CPU
		{FD704DD6-3AB2-45BA-A65A-487E875BB3B7}.Release|Any CPU.Build.0 = Release|Any CPU
		{6EEDE9BD-AC26-4C20-8ED8-DE8C0001B9A5}.Debug|Any CPU.ActiveCfg = Debug|Any CPU
		{6EEDE9BD-AC26-4C20-8ED8-DE8C0001B9A5}.Debug|Any CPU.Build.0 = Debug|Any CPU
		{6EEDE9BD-AC26-4C20-8ED8-DE8C0001B9A5}.Release|Any CPU.ActiveCfg = Release|Any CPU
		{6EEDE9BD-AC26-4C20-8ED8-DE8C0001B9A5}.Release|Any CPU.Build.0 = Release|Any CPU
		{B8136A43-C802-4085-BAF4-EC28EE684D36}.Debug|Any CPU.ActiveCfg = Debug|Any CPU
		{B8136A43-C802-4085-BAF4-EC28EE684D36}.Debug|Any CPU.Build.0 = Debug|Any CPU
		{B8136A43-C802-4085-BAF4-EC28EE684D36}.Release|Any CPU.ActiveCfg = Release|Any CPU
		{B8136A43-C802-4085-BAF4-EC28EE684D36}.Release|Any CPU.Build.0 = Release|Any CPU
		{02819666-1A9F-43F0-BDEE-16E4D0A88DAB}.Debug|Any CPU.ActiveCfg = Debug|Any CPU
		{02819666-1A9F-43F0-BDEE-16E4D0A88DAB}.Debug|Any CPU.Build.0 = Debug|Any CPU
		{02819666-1A9F-43F0-BDEE-16E4D0A88DAB}.Release|Any CPU.ActiveCfg = Release|Any CPU
		{02819666-1A9F-43F0-BDEE-16E4D0A88DAB}.Release|Any CPU.Build.0 = Release|Any CPU
	EndGlobalSection
	GlobalSection(SolutionProperties) = preSolution
		HideSolutionNode = FALSE
	EndGlobalSection
	GlobalSection(ExtensibilityGlobals) = postSolution
		SolutionGuid = {1EF5094E-441F-4450-9A93-131E2C9AF2FC}
	EndGlobalSection
EndGlobal
